
Microsoft Visual Studio Solution File, Format Version 12.00
# Visual Studio 2012
Project("{FAE04EC0-301F-11D3-BF4B-00C04F79EFBC}") = "Tvdb2File", "Tvdb2File\Tvdb2File.csproj", "{68E8A00E-678B-4751-AF9B-7C317FDD0624}"
EndProject
Global
	GlobalSection(SolutionConfigurationPlatforms) = preSolution
		Debug|Any CPU = Debug|Any CPU
		Release|Any CPU = Release|Any CPU
	EndGlobalSection
	GlobalSection(ProjectConfigurationPlatforms) = postSolution
		{68E8A00E-678B-4751-AF9B-7C317FDD0624}.Debug|Any CPU.ActiveCfg = Debug|Any CPU
		{68E8A00E-678B-4751-AF9B-7C317FDD0624}.Debug|Any CPU.Build.0 = Debug|Any CPU
		{68E8A00E-678B-4751-AF9B-7C317FDD0624}.Release|Any CPU.ActiveCfg = Release|Any CPU
		{68E8A00E-678B-4751-AF9B-7C317FDD0624}.Release|Any CPU.Build.0 = Release|Any CPU
	EndGlobalSection
	GlobalSection(SolutionProperties) = preSolution
		HideSolutionNode = FALSE
	EndGlobalSection
EndGlobal
